
Microsoft Visual Studio Solution File, Format Version 12.00
# Visual Studio Version 17
VisualStudioVersion = 17.11.35222.181
MinimumVisualStudioVersion = 10.0.40219.1
Project("{8BC9CEB8-8B4A-11D0-8D11-00A0C91BC942}") = "LR6.1_it", "LR6.1_it\LR6.1_it.vcxproj", "{6D0339B9-1853-48AE-8D42-AD5289C54B20}"
EndProject
Project("{8BC9CEB8-8B4A-11D0-8D11-00A0C91BC942}") = "UnitTest1", "UnitTest1\UnitTest1.vcxproj", "{DBF48BC2-D1AE-4131-B35C-3B562A9DF343}"
EndProject
Global
	GlobalSection(SolutionConfigurationPlatforms) = preSolution
		Debug|x64 = Debug|x64
		Debug|x86 = Debug|x86
		Release|x64 = Release|x64
		Release|x86 = Release|x86
	EndGlobalSection
	GlobalSection(ProjectConfigurationPlatforms) = postSolution
		{6D0339B9-1853-48AE-8D42-AD5289C54B20}.Debug|x64.ActiveCfg = Debug|x64
		{6D0339B9-1853-48AE-8D42-AD5289C54B20}.Debug|x64.Build.0 = Debug|x64
		{6D0339B9-1853-48AE-8D42-AD5289C54B20}.Debug|x86.ActiveCfg = Debug|Win32
		{6D0339B9-1853-48AE-8D42-AD5289C54B20}.Debug|x86.Build.0 = Debug|Win32
		{6D0339B9-1853-48AE-8D42-AD5289C54B20}.Release|x64.ActiveCfg = Release|x64
		{6D0339B9-1853-48AE-8D42-AD5289C54B20}.Release|x64.Build.0 = Release|x64
		{6D0339B9-1853-48AE-8D42-AD5289C54B20}.Release|x86.ActiveCfg = Release|Win32
		{6D0339B9-1853-48AE-8D42-AD5289C54B20}.Release|x86.Build.0 = Release|Win32
		{DBF48BC2-D1AE-4131-B35C-3B562A9DF343}.Debug|x64.ActiveCfg = Debug|x64
		{DBF48BC2-D1AE-4131-B35C-3B562A9DF343}.Debug|x64.Build.0 = Debug|x64
		{DBF48BC2-D1AE-4131-B35C-3B562A9DF343}.Debug|x86.ActiveCfg = Debug|Win32
		{DBF48BC2-D1AE-4131-B35C-3B562A9DF343}.Debug|x86.Build.0 = Debug|Win32
		{DBF48BC2-D1AE-4131-B35C-3B562A9DF343}.Release|x64.ActiveCfg = Release|x64
		{DBF48BC2-D1AE-4131-B35C-3B562A9DF343}.Release|x64.Build.0 = Release|x64
		{DBF48BC2-D1AE-4131-B35C-3B562A9DF343}.Release|x86.ActiveCfg = Release|Win32
		{DBF48BC2-D1AE-4131-B35C-3B562A9DF343}.Release|x86.Build.0 = Release|Win32
	EndGlobalSection
	GlobalSection(SolutionProperties) = preSolution
		HideSolutionNode = FALSE
	EndGlobalSection
	GlobalSection(ExtensibilityGlobals) = postSolution
		SolutionGuid = {F3A2B580-22C7-445D-8CFE-6366E4D3293C}
	EndGlobalSection
EndGlobal
